// !$*UTF8*$!
{
	archiveVersion = 1;
	classes = {
	};
	objectVersion = 50;
	objects = {

/* Begin PBXBuildFile section */
		351AC2C6219A2FDF001669F5 /* AppDelegate.swift in Sources */ = {isa = PBXBuildFile; fileRef = 351AC2C5219A2FDF001669F5 /* AppDelegate.swift */; };
		351AC2CD219A2FE0001669F5 /* Assets.xcassets in Resources */ = {isa = PBXBuildFile; fileRef = 351AC2CC219A2FE0001669F5 /* Assets.xcassets */; };
		351AC2D0219A2FE0001669F5 /* LaunchScreen.storyboard in Resources */ = {isa = PBXBuildFile; fileRef = 351AC2CE219A2FE0001669F5 /* LaunchScreen.storyboard */; };
		351AC2D9219A3464001669F5 /* HabitsTableViewController.swift in Sources */ = {isa = PBXBuildFile; fileRef = 351AC2D7219A3464001669F5 /* HabitsTableViewController.swift */; };
		351AC2DA219A3464001669F5 /* HabitsTableViewController.xib in Resources */ = {isa = PBXBuildFile; fileRef = 351AC2D8219A3464001669F5 /* HabitsTableViewController.xib */; };
		351AC2DD219A354D001669F5 /* UIViewControllerExtensions.swift in Sources */ = {isa = PBXBuildFile; fileRef = 351AC2DC219A354D001669F5 /* UIViewControllerExtensions.swift */; };
		351AC2DF21A381EA001669F5 /* Habit.swift in Sources */ = {isa = PBXBuildFile; fileRef = 351AC2DE21A381EA001669F5 /* Habit.swift */; };
		351AC2E121A7775D001669F5 /* DateExtensions.swift in Sources */ = {isa = PBXBuildFile; fileRef = 351AC2E021A7775D001669F5 /* DateExtensions.swift */; };
		351AC34A21B2063B001669F5 /* HabitTableViewCell.swift in Sources */ = {isa = PBXBuildFile; fileRef = 351AC34821B2063B001669F5 /* HabitTableViewCell.swift */; };
		351AC34B21B2063B001669F5 /* HabitTableViewCell.xib in Resources */ = {isa = PBXBuildFile; fileRef = 351AC34921B2063B001669F5 /* HabitTableViewCell.xib */; };
		3543999421ACF7CB0096D1AA /* PersistenceLayer.swift in Sources */ = {isa = PBXBuildFile; fileRef = 3543999321ACF7CB0096D1AA /* PersistenceLayer.swift */; };
		356B6AD221AF66FA0066733B /* AddHabitViewController.swift in Sources */ = {isa = PBXBuildFile; fileRef = 356B6AD021AF66FA0066733B /* AddHabitViewController.swift */; };
		356B6AD321AF66FA0066733B /* AddHabitViewController.xib in Resources */ = {isa = PBXBuildFile; fileRef = 356B6AD121AF66FA0066733B /* AddHabitViewController.xib */; };
/* End PBXBuildFile section */

/* Begin PBXFileReference section */
		351AC2C2219A2FDF001669F5 /* Habitual.app */ = {isa = PBXFileReference; explicitFileType = wrapper.application; includeInIndex = 0; path = Habitual.app; sourceTree = BUILT_PRODUCTS_DIR; };
		351AC2C5219A2FDF001669F5 /* AppDelegate.swift */ = {isa = PBXFileReference; lastKnownFileType = sourcecode.swift; path = AppDelegate.swift; sourceTree = "<group>"; };
		351AC2CC219A2FE0001669F5 /* Assets.xcassets */ = {isa = PBXFileReference; lastKnownFileType = folder.assetcatalog; path = Assets.xcassets; sourceTree = "<group>"; };
		351AC2CF219A2FE0001669F5 /* Base */ = {isa = PBXFileReference; lastKnownFileType = file.storyboard; name = Base; path = Base.lproj/LaunchScreen.storyboard; sourceTree = "<group>"; };
		351AC2D1219A2FE0001669F5 /* Info.plist */ = {isa = PBXFileReference; lastKnownFileType = text.plist.xml; path = Info.plist; sourceTree = "<group>"; };
		351AC2D7219A3464001669F5 /* HabitsTableViewController.swift */ = {isa = PBXFileReference; lastKnownFileType = sourcecode.swift; path = HabitsTableViewController.swift; sourceTree = "<group>"; };
		351AC2D8219A3464001669F5 /* HabitsTableViewController.xib */ = {isa = PBXFileReference; lastKnownFileType = file.xib; path = HabitsTableViewController.xib; sourceTree = "<group>"; };
		351AC2DC219A354D001669F5 /* UIViewControllerExtensions.swift */ = {isa = PBXFileReference; lastKnownFileType = sourcecode.swift; path = UIViewControllerExtensions.swift; sourceTree = "<group>"; };
		351AC2DE21A381EA001669F5 /* Habit.swift */ = {isa = PBXFileReference; lastKnownFileType = sourcecode.swift; path = Habit.swift; sourceTree = "<group>"; };
		351AC2E021A7775D001669F5 /* DateExtensions.swift */ = {isa = PBXFileReference; lastKnownFileType = sourcecode.swift; path = DateExtensions.swift; sourceTree = "<group>"; };
		351AC34821B2063B001669F5 /* HabitTableViewCell.swift */ = {isa = PBXFileReference; lastKnownFileType = sourcecode.swift; path = HabitTableViewCell.swift; sourceTree = "<group>"; };
		351AC34921B2063B001669F5 /* HabitTableViewCell.xib */ = {isa = PBXFileReference; lastKnownFileType = file.xib; path = HabitTableViewCell.xib; sourceTree = "<group>"; };
		3543999321ACF7CB0096D1AA /* PersistenceLayer.swift */ = {isa = PBXFileReference; lastKnownFileType = sourcecode.swift; path = PersistenceLayer.swift; sourceTree = "<group>"; };
		356B6AD021AF66FA0066733B /* AddHabitViewController.swift */ = {isa = PBXFileReference; lastKnownFileType = sourcecode.swift; path = AddHabitViewController.swift; sourceTree = "<group>"; };
		356B6AD121AF66FA0066733B /* AddHabitViewController.xib */ = {isa = PBXFileReference; lastKnownFileType = file.xib; path = AddHabitViewController.xib; sourceTree = "<group>"; };
/* End PBXFileReference section */

/* Begin PBXFrameworksBuildPhase section */
		351AC2BF219A2FDF001669F5 /* Frameworks */ = {
			isa = PBXFrameworksBuildPhase;
			buildActionMask = 2147483647;
			files = (
			);
			runOnlyForDeploymentPostprocessing = 0;
		};
/* End PBXFrameworksBuildPhase section */

/* Begin PBXGroup section */
		351AC2B9219A2FDF001669F5 = {
			isa = PBXGroup;
			children = (
				351AC2C4219A2FDF001669F5 /* Habitual */,
				351AC2C3219A2FDF001669F5 /* Products */,
			);
			sourceTree = "<group>";
		};
		351AC2C3219A2FDF001669F5 /* Products */ = {
			isa = PBXGroup;
			children = (
				351AC2C2219A2FDF001669F5 /* Habitual.app */,
			);
			name = Products;
			sourceTree = "<group>";
		};
		351AC2C4219A2FDF001669F5 /* Habitual */ = {
			isa = PBXGroup;
			children = (
				3543999321ACF7CB0096D1AA /* PersistenceLayer.swift */,
				351AC2E021A7775D001669F5 /* DateExtensions.swift */,
				351AC2DE21A381EA001669F5 /* Habit.swift */,
				351AC2DC219A354D001669F5 /* UIViewControllerExtensions.swift */,
				351AC2C5219A2FDF001669F5 /* AppDelegate.swift */,
				351AC2DB219A3486001669F5 /* Views */,
				351AC2CC219A2FE0001669F5 /* Assets.xcassets */,
				351AC2CE219A2FE0001669F5 /* LaunchScreen.storyboard */,
				351AC2D1219A2FE0001669F5 /* Info.plist */,
			);
			path = Habitual;
			sourceTree = "<group>";
		};
		351AC2DB219A3486001669F5 /* Views */ = {
			isa = PBXGroup;
			children = (
				356B6AD021AF66FA0066733B /* AddHabitViewController.swift */,
				356B6AD121AF66FA0066733B /* AddHabitViewController.xib */,
				351AC34821B2063B001669F5 /* HabitTableViewCell.swift */,
				351AC34921B2063B001669F5 /* HabitTableViewCell.xib */,
				351AC2D7219A3464001669F5 /* HabitsTableViewController.swift */,
				351AC2D8219A3464001669F5 /* HabitsTableViewController.xib */,
			);
			path = Views;
			sourceTree = "<group>";
		};
/* End PBXGroup section */

/* Begin PBXNativeTarget section */
		351AC2C1219A2FDF001669F5 /* Habitual */ = {
			isa = PBXNativeTarget;
			buildConfigurationList = 351AC2D4219A2FE0001669F5 /* Build configuration list for PBXNativeTarget "Habitual" */;
			buildPhases = (
				351AC2BE219A2FDF001669F5 /* Sources */,
				351AC2BF219A2FDF001669F5 /* Frameworks */,
				351AC2C0219A2FDF001669F5 /* Resources */,
			);
			buildRules = (
			);
			dependencies = (
			);
			name = Habitual;
			productName = Habitual;
			productReference = 351AC2C2219A2FDF001669F5 /* Habitual.app */;
			productType = "com.apple.product-type.application";
		};
/* End PBXNativeTarget section */

/* Begin PBXProject section */
		351AC2BA219A2FDF001669F5 /* Project object */ = {
			isa = PBXProject;
			attributes = {
				LastSwiftUpdateCheck = 1010;
				LastUpgradeCheck = 1010;
				ORGANIZATIONNAME = "Jacob Haff";
				TargetAttributes = {
					351AC2C1219A2FDF001669F5 = {
						CreatedOnToolsVersion = 10.1;
					};
				};
			};
			buildConfigurationList = 351AC2BD219A2FDF001669F5 /* Build configuration list for PBXProject "Habitual" */;
			compatibilityVersion = "Xcode 9.3";
			developmentRegion = en;
			hasScannedForEncodings = 0;
			knownRegions = (
				en,
				Base,
			);
			mainGroup = 351AC2B9219A2FDF001669F5;
			productRefGroup = 351AC2C3219A2FDF001669F5 /* Products */;
			projectDirPath = "";
			projectRoot = "";
			targets = (
				351AC2C1219A2FDF001669F5 /* Habitual */,
			);
		};
/* End PBXProject section */

/* Begin PBXResourcesBuildPhase section */
		351AC2C0219A2FDF001669F5 /* Resources */ = {
			isa = PBXResourcesBuildPhase;
			buildActionMask = 2147483647;
			files = (
				351AC2D0219A2FE0001669F5 /* LaunchScreen.storyboard in Resources */,
				356B6AD321AF66FA0066733B /* AddHabitViewController.xib in Resources */,
				351AC2DA219A3464001669F5 /* HabitsTableViewController.xib in Resources */,
				351AC34B21B2063B001669F5 /* HabitTableViewCell.xib in Resources */,
				351AC2CD219A2FE0001669F5 /* Assets.xcassets in Resources */,
			);
			runOnlyForDeploymentPostprocessing = 0;
		};
/* End PBXResourcesBuildPhase section */

/* Begin PBXSourcesBuildPhase section */
		351AC2BE219A2FDF001669F5 /* Sources */ = {
			isa = PBXSourcesBuildPhase;
			buildActionMask = 2147483647;
			files = (
				351AC2D9219A3464001669F5 /* HabitsTableViewController.swift in Sources */,
				351AC2E121A7775D001669F5 /* DateExtensions.swift in Sources */,
				351AC2DD219A354D001669F5 /* UIViewControllerExtensions.swift in Sources */,
				3543999421ACF7CB0096D1AA /* PersistenceLayer.swift in Sources */,
				351AC2DF21A381EA001669F5 /* Habit.swift in Sources */,
				351AC34A21B2063B001669F5 /* HabitTableViewCell.swift in Sources */,
				351AC2C6219A2FDF001669F5 /* AppDelegate.swift in Sources */,
				356B6AD221AF66FA0066733B /* AddHabitViewController.swift in Sources */,
			);
			runOnlyForDeploymentPostprocessing = 0;
		};
/* End PBXSourcesBuildPhase section */

/* Begin PBXVariantGroup section */
		351AC2CE219A2FE0001669F5 /* LaunchScreen.storyboard */ = {
			isa = PBXVariantGroup;
			children = (
				351AC2CF219A2FE0001669F5 /* Base */,
			);
			name = LaunchScreen.storyboard;
			sourceTree = "<group>";
		};
/* End PBXVariantGroup section */

/* Begin XCBuildConfiguration section */
		351AC2D2219A2FE0001669F5 /* Debug */ = {
			isa = XCBuildConfiguration;
			buildSettings = {
				ALWAYS_SEARCH_USER_PATHS = NO;
				CLANG_ANALYZER_NONNULL = YES;
				CLANG_ANALYZER_NUMBER_OBJECT_CONVERSION = YES_AGGRESSIVE;
				CLANG_CXX_LANGUAGE_STANDARD = "gnu++14";
				CLANG_CXX_LIBRARY = "libc++";
				CLANG_ENABLE_MODULES = YES;
				CLANG_ENABLE_OBJC_ARC = YES;
				CLANG_ENABLE_OBJC_WEAK = YES;
				CLANG_WARN_BLOCK_CAPTURE_AUTORELEASING = YES;
				CLANG_WARN_BOOL_CONVERSION = YES;
				CLANG_WARN_COMMA = YES;
				CLANG_WARN_CONSTANT_CONVERSION = YES;
				CLANG_WARN_DEPRECATED_OBJC_IMPLEMENTATIONS = YES;
				CLANG_WARN_DIRECT_OBJC_ISA_USAGE = YES_ERROR;
				CLANG_WARN_DOCUMENTATION_COMMENTS = YES;
				CLANG_WARN_EMPTY_BODY = YES;
				CLANG_WARN_ENUM_CONVERSION = YES;
				CLANG_WARN_INFINITE_RECURSION = YES;
				CLANG_WARN_INT_CONVERSION = YES;
				CLANG_WARN_NON_LITERAL_NULL_CONVERSION = YES;
				CLANG_WARN_OBJC_IMPLICIT_RETAIN_SELF = YES;
				CLANG_WARN_OBJC_LITERAL_CONVERSION = YES;
				CLANG_WARN_OBJC_ROOT_CLASS = YES_ERROR;
				CLANG_WARN_RANGE_LOOP_ANALYSIS = YES;
				CLANG_WARN_STRICT_PROTOTYPES = YES;
				CLANG_WARN_SUSPICIOUS_MOVE = YES;
				CLANG_WARN_UNGUARDED_AVAILABILITY = YES_AGGRESSIVE;
				CLANG_WARN_UNREACHABLE_CODE = YES;
				CLANG_WARN__DUPLICATE_METHOD_MATCH = YES;
				CODE_SIGN_IDENTITY = "iPhone Developer";
				COPY_PHASE_STRIP = NO;
				DEBUG_INFORMATION_FORMAT = dwarf;
				ENABLE_STRICT_OBJC_MSGSEND = YES;
				ENABLE_TESTABILITY = YES;
				GCC_C_LANGUAGE_STANDARD = gnu11;
				GCC_DYNAMIC_NO_PIC = NO;
				GCC_NO_COMMON_BLOCKS = YES;
				GCC_OPTIMIZATION_LEVEL = 0;
				GCC_PREPROCESSOR_DEFINITIONS = (
					"DEBUG=1",
					"$(inherited)",
				);
				GCC_WARN_64_TO_32_BIT_CONVERSION = YES;
				GCC_WARN_ABOUT_RETURN_TYPE = YES_ERROR;
				GCC_WARN_UNDECLARED_SELECTOR = YES;
				GCC_WARN_UNINITIALIZED_AUTOS = YES_AGGRESSIVE;
				GCC_WARN_UNUSED_FUNCTION = YES;
				GCC_WARN_UNUSED_VARIABLE = YES;
				IPHONEOS_DEPLOYMENT_TARGET = 12.1;
				MTL_ENABLE_DEBUG_INFO = INCLUDE_SOURCE;
				MTL_FAST_MATH = YES;
				ONLY_ACTIVE_ARCH = YES;
				SDKROOT = iphoneos;
				SWIFT_ACTIVE_COMPILATION_CONDITIONS = DEBUG;
				SWIFT_OPTIMIZATION_LEVEL = "-Onone";
			};
			name = Debug;
		};
		351AC2D3219A2FE0001669F5 /* Release */ = {
			isa = XCBuildConfiguration;
			buildSettings = {
				ALWAYS_SEARCH_USER_PATHS = NO;
				CLANG_ANALYZER_NONNULL = YES;
				CLANG_ANALYZER_NUMBER_OBJECT_CONVERSION = YES_AGGRESSIVE;
				CLANG_CXX_LANGUAGE_STANDARD = "gnu++14";
				CLANG_CXX_LIBRARY = "libc++";
				CLANG_ENABLE_MODULES = YES;
				CLANG_ENABLE_OBJC_ARC = YES;
				CLANG_ENABLE_OBJC_WEAK = YES;
				CLANG_WARN_BLOCK_CAPTURE_AUTORELEASING = YES;
				CLANG_WARN_BOOL_CONVERSION = YES;
				CLANG_WARN_COMMA = YES;
				CLANG_WARN_CONSTANT_CONVERSION = YES;
				CLANG_WARN_DEPRECATED_OBJC_IMPLEMENTATIONS = YES;
				CLANG_WARN_DIRECT_OBJC_ISA_USAGE = YES_ERROR;
				CLANG_WARN_DOCUMENTATION_COMMENTS = YES;
				CLANG_WARN_EMPTY_BODY = YES;
				CLANG_WARN_ENUM_CONVERSION = YES;
				CLANG_WARN_INFINITE_RECURSION = YES;
				CLANG_WARN_INT_CONVERSION = YES;
				CLANG_WARN_NON_LITERAL_NULL_CONVERSION = YES;
				CLANG_WARN_OBJC_IMPLICIT_RETAIN_SELF = YES;
				CLANG_WARN_OBJC_LITERAL_CONVERSION = YES;
				CLANG_WARN_OBJC_ROOT_CLASS = YES_ERROR;
				CLANG_WARN_RANGE_LOOP_ANALYSIS = YES;
				CLANG_WARN_STRICT_PROTOTYPES = YES;
				CLANG_WARN_SUSPICIOUS_MOVE = YES;
				CLANG_WARN_UNGUARDED_AVAILABILITY = YES_AGGRESSIVE;
				CLANG_WARN_UNREACHABLE_CODE = YES;
				CLANG_WARN__DUPLICATE_METHOD_MATCH = YES;
				CODE_SIGN_IDENTITY = "iPhone Developer";
				COPY_PHASE_STRIP = NO;
				DEBUG_INFORMATION_FORMAT = "dwarf-with-dsym";
				ENABLE_NS_ASSERTIONS = NO;
				ENABLE_STRICT_OBJC_MSGSEND = YES;
				GCC_C_LANGUAGE_STANDARD = gnu11;
				GCC_NO_COMMON_BLOCKS = YES;
				GCC_WARN_64_TO_32_BIT_CONVERSION = YES;
				GCC_WARN_ABOUT_RETURN_TYPE = YES_ERROR;
				GCC_WARN_UNDECLARED_SELECTOR = YES;
				GCC_WARN_UNINITIALIZED_AUTOS = YES_AGGRESSIVE;
				GCC_WARN_UNUSED_FUNCTION = YES;
				GCC_WARN_UNUSED_VARIABLE = YES;
				IPHONEOS_DEPLOYMENT_TARGET = 12.1;
				MTL_ENABLE_DEBUG_INFO = NO;
				MTL_FAST_MATH = YES;
				SDKROOT = iphoneos;
				SWIFT_COMPILATION_MODE = wholemodule;
				SWIFT_OPTIMIZATION_LEVEL = "-O";
				VALIDATE_PRODUCT = YES;
			};
			name = Release;
		};
		351AC2D5219A2FE0001669F5 /* Debug */ = {
			isa = XCBuildConfiguration;
			buildSettings = {
				ASSETCATALOG_COMPILER_APPICON_NAME = AppIcon;
				CODE_SIGN_STYLE = Automatic;
				DEVELOPMENT_TEAM = 6NAGA2S5P2;
				INFOPLIST_FILE = Habitual/Info.plist;
				LD_RUNPATH_SEARCH_PATHS = (
					"$(inherited)",
					"@executable_path/Frameworks",
				);
				PRODUCT_BUNDLE_IDENTIFIER = com.JacobHaff.Habitual;
				PRODUCT_NAME = "$(TARGET_NAME)";
				SWIFT_VERSION = 4.2;
				TARGETED_DEVICE_FAMILY = "1,2";
			};
			name = Debug;
		};
		351AC2D6219A2FE0001669F5 /* Release */ = {
			isa = XCBuildConfiguration;
			buildSettings = {
				ASSETCATALOG_COMPILER_APPICON_NAME = AppIcon;
				CODE_SIGN_STYLE = Automatic;
				DEVELOPMENT_TEAM = 6NAGA2S5P2;
				INFOPLIST_FILE = Habitual/Info.plist;
				LD_RUNPATH_SEARCH_PATHS = (
					"$(inherited)",
					"@executable_path/Frameworks",
				);
				PRODUCT_BUNDLE_IDENTIFIER = com.JacobHaff.Habitual;
				PRODUCT_NAME = "$(TARGET_NAME)";
				SWIFT_VERSION = 4.2;
				TARGETED_DEVICE_FAMILY = "1,2";
			};
			name = Release;
		};
/* End XCBuildConfiguration section */

/* Begin XCConfigurationList section */
		351AC2BD219A2FDF001669F5 /* Build configuration list for PBXProject "Habitual" */ = {
			isa = XCConfigurationList;
			buildConfigurations = (
				351AC2D2219A2FE0001669F5 /* Debug */,
				351AC2D3219A2FE0001669F5 /* Release */,
			);
			defaultConfigurationIsVisible = 0;
			defaultConfigurationName = Release;
		};
		351AC2D4219A2FE0001669F5 /* Build configuration list for PBXNativeTarget "Habitual" */ = {
			isa = XCConfigurationList;
			buildConfigurations = (
				351AC2D5219A2FE0001669F5 /* Debug */,
				351AC2D6219A2FE0001669F5 /* Release */,
			);
			defaultConfigurationIsVisible = 0;
			defaultConfigurationName = Release;
		};
/* End XCConfigurationList section */
	};
	rootObject = 351AC2BA219A2FDF001669F5 /* Project object */;
}
